
Microsoft Visual Studio Solution File, Format Version 12.00
# Visual Studio Version 17
VisualStudioVersion = 17.0.31903.59
MinimumVisualStudioVersion = 10.0.40219.1
Project("{FAE04EC0-301F-11D3-BF4B-00C04F79EFBC}") = "API", "API\API.csproj", "{D62B93CF-C2FF-4FE7-B80D-98EFEC236634}"
EndProject
Project("{FAE04EC0-301F-11D3-BF4B-00C04F79EFBC}") = "Core", "Core\Core.csproj", "{3CFAE2B6-F34B-408E-83AA-B9D6CED42320}"
EndProject
Project("{FAE04EC0-301F-11D3-BF4B-00C04F79EFBC}") = "Infrastructure", "Infrastructure\Infrastructure.csproj", "{E5C7377D-C35C-41CD-BE10-5C74F83F2CB9}"
EndProject
Global
	GlobalSection(SolutionConfigurationPlatforms) = preSolution
		Debug|Any CPU = Debug|Any CPU
		Debug|x64 = Debug|x64
		Debug|x86 = Debug|x86
		Release|Any CPU = Release|Any CPU
		Release|x64 = Release|x64
		Release|x86 = Release|x86
	EndGlobalSection
	GlobalSection(ProjectConfigurationPlatforms) = postSolution
		{D62B93CF-C2FF-4FE7-B80D-98EFEC236634}.Debug|Any CPU.ActiveCfg = Debug|Any CPU
		{D62B93CF-C2FF-4FE7-B80D-98EFEC236634}.Debug|Any CPU.Build.0 = Debug|Any CPU
		{D62B93CF-C2FF-4FE7-B80D-98EFEC236634}.Debug|x64.ActiveCfg = Debug|Any CPU
		{D62B93CF-C2FF-4FE7-B80D-98EFEC236634}.Debug|x64.Build.0 = Debug|Any CPU
		{D62B93CF-C2FF-4FE7-B80D-98EFEC236634}.Debug|x86.ActiveCfg = Debug|Any CPU
		{D62B93CF-C2FF-4FE7-B80D-98EFEC236634}.Debug|x86.Build.0 = Debug|Any CPU
		{D62B93CF-C2FF-4FE7-B80D-98EFEC236634}.Release|Any CPU.ActiveCfg = Release|Any CPU
		{D62B93CF-C2FF-4FE7-B80D-98EFEC236634}.Release|Any CPU.Build.0 = Release|Any CPU
		{D62B93CF-C2FF-4FE7-B80D-98EFEC236634}.Release|x64.ActiveCfg = Release|Any CPU
		{D62B93CF-C2FF-4FE7-B80D-98EFEC236634}.Release|x64.Build.0 = Release|Any CPU
		{D62B93CF-C2FF-4FE7-B80D-98EFEC236634}.Release|x86.ActiveCfg = Release|Any CPU
		{D62B93CF-C2FF-4FE7-B80D-98EFEC236634}.Release|x86.Build.0 = Release|Any CPU
		{3CFAE2B6-F34B-408E-83AA-B9D6CED42320}.Debug|Any CPU.ActiveCfg = Debug|Any CPU
		{3CFAE2B6-F34B-408E-83AA-B9D6CED42320}.Debug|Any CPU.Build.0 = Debug|Any CPU
		{3CFAE2B6-F34B-408E-83AA-B9D6CED42320}.Debug|x64.ActiveCfg = Debug|Any CPU
		{3CFAE2B6-F34B-408E-83AA-B9D6CED42320}.Debug|x64.Build.0 = Debug|Any CPU
		{3CFAE2B6-F34B-408E-83AA-B9D6CED42320}.Debug|x86.ActiveCfg = Debug|Any CPU
		{3CFAE2B6-F34B-408E-83AA-B9D6CED42320}.Debug|x86.Build.0 = Debug|Any CPU
		{3CFAE2B6-F34B-408E-83AA-B9D6CED42320}.Release|Any CPU.ActiveCfg = Release|Any CPU
		{3CFAE2B6-F34B-408E-83AA-B9D6CED42320}.Release|Any CPU.Build.0 = Release|Any CPU
		{3CFAE2B6-F34B-408E-83AA-B9D6CED42320}.Release|x64.ActiveCfg = Release|Any CPU
		{3CFAE2B6-F34B-408E-83AA-B9D6CED42320}.Release|x64.Build.0 = Release|Any CPU
		{3CFAE2B6-F34B-408E-83AA-B9D6CED42320}.Release|x86.ActiveCfg = Release|Any CPU
		{3CFAE2B6-F34B-408E-83AA-B9D6CED42320}.Release|x86.Build.0 = Release|Any CPU
		{E5C7377D-C35C-41CD-BE10-5C74F83F2CB9}.Debug|Any CPU.ActiveCfg = Debug|Any CPU
		{E5C7377D-C35C-41CD-BE10-5C74F83F2CB9}.Debug|Any CPU.Build.0 = Debug|Any CPU
		{E5C7377D-C35C-41CD-BE10-5C74F83F2CB9}.Debug|x64.ActiveCfg = Debug|Any CPU
		{E5C7377D-C35C-41CD-BE10-5C74F83F2CB9}.Debug|x64.Build.0 = Debug|Any CPU
		{E5C7377D-C35C-41CD-BE10-5C74F83F2CB9}.Debug|x86.ActiveCfg = Debug|Any CPU
		{E5C7377D-C35C-41CD-BE10-5C74F83F2CB9}.Debug|x86.Build.0 = Debug|Any CPU
		{E5C7377D-C35C-41CD-BE10-5C74F83F2CB9}.Release|Any CPU.ActiveCfg = Release|Any CPU
		{E5C7377D-C35C-41CD-BE10-5C74F83F2CB9}.Release|Any CPU.Build.0 = Release|Any CPU
		{E5C7377D-C35C-41CD-BE10-5C74F83F2CB9}.Release|x64.ActiveCfg = Release|Any CPU
		{E5C7377D-C35C-41CD-BE10-5C74F83F2CB9}.Release|x64.Build.0 = Release|Any CPU
		{E5C7377D-C35C-41CD-BE10-5C74F83F2CB9}.Release|x86.ActiveCfg = Release|Any CPU
		{E5C7377D-C35C-41CD-BE10-5C74F83F2CB9}.Release|x86.Build.0 = Release|Any CPU
	EndGlobalSection
	GlobalSection(SolutionProperties) = preSolution
		HideSolutionNode = FALSE
	EndGlobalSection
EndGlobal
